
Microsoft Visual Studio Solution File, Format Version 12.00
# Visual Studio Version 17
VisualStudioVersion = 17.10.35027.167
MinimumVisualStudioVersion = 10.0.40219.1
Project("{FAE04EC0-301F-11D3-BF4B-00C04F79EFBC}") = "FiveTypesOfExceptions", "FiveTypesOfExceptions\FiveTypesOfExceptions.csproj", "{7D1E001A-6600-4DAC-8655-ED1990F53477}"
EndProject
Global
	GlobalSection(SolutionConfigurationPlatforms) = preSolution
		Debug|Any CPU = Debug|Any CPU
		Release|Any CPU = Release|Any CPU
	EndGlobalSection
	GlobalSection(ProjectConfigurationPlatforms) = postSolution
		{7D1E001A-6600-4DAC-8655-ED1990F53477}.Debug|Any CPU.ActiveCfg = Debug|Any CPU
		{7D1E001A-6600-4DAC-8655-ED1990F53477}.Debug|Any CPU.Build.0 = Debug|Any CPU
		{7D1E001A-6600-4DAC-8655-ED1990F53477}.Release|Any CPU.ActiveCfg = Release|Any CPU
		{7D1E001A-6600-4DAC-8655-ED1990F53477}.Release|Any CPU.Build.0 = Release|Any CPU
	EndGlobalSection
	GlobalSection(SolutionProperties) = preSolution
		HideSolutionNode = FALSE
	EndGlobalSection
	GlobalSection(ExtensibilityGlobals) = postSolution
		SolutionGuid = {07D2FAC1-89ED-4455-B408-BC4F0B845D8C}
	EndGlobalSection
EndGlobal
